
Microsoft Visual Studio Solution File, Format Version 12.00
# Visual Studio 14
VisualStudioVersion = 14.0.25420.1
MinimumVisualStudioVersion = 10.0.40219.1
Project("{FAE04EC0-301F-11D3-BF4B-00C04F79EFBC}") = "ExpressionMapping", "ExpressionMapping\ExpressionMapping.csproj", "{D7BBB88F-4749-4838-9FA2-9451C7AA88C5}"
EndProject
Project("{FAE04EC0-301F-11D3-BF4B-00C04F79EFBC}") = "ExpressionMapping.Tests", "ExpressionMapping.Tests\ExpressionMapping.Tests.csproj", "{862F08D0-BD2A-45BB-8CFA-DE8245384329}"
EndProject
Global
	GlobalSection(SolutionConfigurationPlatforms) = preSolution
		Debug|Any CPU = Debug|Any CPU
		Release|Any CPU = Release|Any CPU
	EndGlobalSection
	GlobalSection(ProjectConfigurationPlatforms) = postSolution
		{D7BBB88F-4749-4838-9FA2-9451C7AA88C5}.Debug|Any CPU.ActiveCfg = Debug|Any CPU
		{D7BBB88F-4749-4838-9FA2-9451C7AA88C5}.Debug|Any CPU.Build.0 = Debug|Any CPU
		{D7BBB88F-4749-4838-9FA2-9451C7AA88C5}.Release|Any CPU.ActiveCfg = Release|Any CPU
		{D7BBB88F-4749-4838-9FA2-9451C7AA88C5}.Release|Any CPU.Build.0 = Release|Any CPU
		{862F08D0-BD2A-45BB-8CFA-DE8245384329}.Debug|Any CPU.ActiveCfg = Debug|Any CPU
		{862F08D0-BD2A-45BB-8CFA-DE8245384329}.Debug|Any CPU.Build.0 = Debug|Any CPU
		{862F08D0-BD2A-45BB-8CFA-DE8245384329}.Release|Any CPU.ActiveCfg = Release|Any CPU
		{862F08D0-BD2A-45BB-8CFA-DE8245384329}.Release|Any CPU.Build.0 = Release|Any CPU
	EndGlobalSection
	GlobalSection(SolutionProperties) = preSolution
		HideSolutionNode = FALSE
	EndGlobalSection
EndGlobal
